
Microsoft Visual Studio Solution File, Format Version 12.00
# Visual Studio Version 17
VisualStudioVersion = 17.8.34322.80
MinimumVisualStudioVersion = 10.0.40219.1
Project("{FAE04EC0-301F-11D3-BF4B-00C04F79EFBC}") = "SnakeGame", "SnakeGame\SnakeGame.csproj", "{3FB4AE69-52C2-46B9-8F25-D4035553E399}"
EndProject
Global
	GlobalSection(SolutionConfigurationPlatforms) = preSolution
		Debug|Any CPU = Debug|Any CPU
		Release|Any CPU = Release|Any CPU
	EndGlobalSection
	GlobalSection(ProjectConfigurationPlatforms) = postSolution
		{3FB4AE69-52C2-46B9-8F25-D4035553E399}.Debug|Any CPU.ActiveCfg = Debug|Any CPU
		{3FB4AE69-52C2-46B9-8F25-D4035553E399}.Debug|Any CPU.Build.0 = Debug|Any CPU
		{3FB4AE69-52C2-46B9-8F25-D4035553E399}.Release|Any CPU.ActiveCfg = Release|Any CPU
		{3FB4AE69-52C2-46B9-8F25-D4035553E399}.Release|Any CPU.Build.0 = Release|Any CPU
	EndGlobalSection
	GlobalSection(SolutionProperties) = preSolution
		HideSolutionNode = FALSE
	EndGlobalSection
	GlobalSection(ExtensibilityGlobals) = postSolution
		SolutionGuid = {568BABD3-0D82-42A5-B04B-12B30274D51E}
	EndGlobalSection
EndGlobal
